// !$*UTF8*$!
{
	archiveVersion = 1;
	classes = {
	};
	objectVersion = 77;
	objects = {

/* Begin PBXBuildFile section */
		07C2A7FE2DE210EF00B4CE23 /* MapHero in Frameworks */ = {isa = PBXBuildFile; productRef = 07C2A7FD2DE210EF00B4CE23 /* MapHero */; };
		07DD93052DE12F8D0018B446 /* MapHero in Frameworks */ = {isa = PBXBuildFile; productRef = 07DD93042DE12F8D0018B446 /* MapHero */; };
/* End PBXBuildFile section */

/* Begin PBXContainerItemProxy section */
		07DD92E62DE12F2E0018B446 /* PBXContainerItemProxy */ = {
			isa = PBXContainerItemProxy;
			containerPortal = 07DD92CD2DE12F2B0018B446 /* Project object */;
			proxyType = 1;
			remoteGlobalIDString = 07DD92D42DE12F2B0018B446;
			remoteInfo = roadsapp;
		};
		07DD92F02DE12F2E0018B446 /* PBXContainerItemProxy */ = {
			isa = PBXContainerItemProxy;
			containerPortal = 07DD92CD2DE12F2B0018B446 /* Project object */;
			proxyType = 1;
			remoteGlobalIDString = 07DD92D42DE12F2B0018B446;
			remoteInfo = roadsapp;
		};
/* End PBXContainerItemProxy section */

/* Begin PBXFileReference section */
		07DD92D52DE12F2B0018B446 /* roadsapp.app */ = {isa = PBXFileReference; explicitFileType = wrapper.application; includeInIndex = 0; path = roadsapp.app; sourceTree = BUILT_PRODUCTS_DIR; };
		07DD92E52DE12F2E0018B446 /* roadsappTests.xctest */ = {isa = PBXFileReference; explicitFileType = wrapper.cfbundle; includeInIndex = 0; path = roadsappTests.xctest; sourceTree = BUILT_PRODUCTS_DIR; };
		07DD92EF2DE12F2E0018B446 /* roadsappUITests.xctest */ = {isa = PBXFileReference; explicitFileType = wrapper.cfbundle; includeInIndex = 0; path = roadsappUITests.xctest; sourceTree = BUILT_PRODUCTS_DIR; };
/* End PBXFileReference section */

/* Begin PBXFileSystemSynchronizedBuildFileExceptionSet section */
		07C2A7FA2DE20CEF00B4CE23 /* Exceptions for "roadsapp" folder in "roadsapp" target */ = {
			isa = PBXFileSystemSynchronizedBuildFileExceptionSet;
			membershipExceptions = (
				Info.plist,
			);
			target = 07DD92D42DE12F2B0018B446 /* roadsapp */;
		};
/* End PBXFileSystemSynchronizedBuildFileExceptionSet section */

/* Begin PBXFileSystemSynchronizedRootGroup section */
		07DD92D72DE12F2B0018B446 /* roadsapp */ = {
			isa = PBXFileSystemSynchronizedRootGroup;
			exceptions = (
				07C2A7FA2DE20CEF00B4CE23 /* Exceptions for "roadsapp" folder in "roadsapp" target */,
			);
			path = roadsapp;
			sourceTree = "<group>";
		};
		07DD92E82DE12F2E0018B446 /* roadsappTests */ = {
			isa = PBXFileSystemSynchronizedRootGroup;
			path = roadsappTests;
			sourceTree = "<group>";
		};
		07DD92F22DE12F2E0018B446 /* roadsappUITests */ = {
			isa = PBXFileSystemSynchronizedRootGroup;
			path = roadsappUITests;
			sourceTree = "<group>";
		};
/* End PBXFileSystemSynchronizedRootGroup section */

/* Begin PBXFrameworksBuildPhase section */
		07DD92D22DE12F2B0018B446 /* Frameworks */ = {
			isa = PBXFrameworksBuildPhase;
			buildActionMask = 2147483647;
			files = (
				07DD93052DE12F8D0018B446 /* MapHero in Frameworks */,
			);
			runOnlyForDeploymentPostprocessing = 0;
		};
		07DD92E22DE12F2E0018B446 /* Frameworks */ = {
			isa = PBXFrameworksBuildPhase;
			buildActionMask = 2147483647;
			files = (
				07C2A7FE2DE210EF00B4CE23 /* MapHero in Frameworks */,
			);
			runOnlyForDeploymentPostprocessing = 0;
		};
		07DD92EC2DE12F2E0018B446 /* Frameworks */ = {
			isa = PBXFrameworksBuildPhase;
			buildActionMask = 2147483647;
			files = (
			);
			runOnlyForDeploymentPostprocessing = 0;
		};
/* End PBXFrameworksBuildPhase section */

/* Begin PBXGroup section */
		07DD92CC2DE12F2B0018B446 = {
			isa = PBXGroup;
			children = (
				07DD92D72DE12F2B0018B446 /* roadsapp */,
				07DD92E82DE12F2E0018B446 /* roadsappTests */,
				07DD92F22DE12F2E0018B446 /* roadsappUITests */,
				07DD92D62DE12F2B0018B446 /* Products */,
			);
			sourceTree = "<group>";
		};
		07DD92D62DE12F2B0018B446 /* Products */ = {
			isa = PBXGroup;
			children = (
				07DD92D52DE12F2B0018B446 /* roadsapp.app */,
				07DD92E52DE12F2E0018B446 /* roadsappTests.xctest */,
				07DD92EF2DE12F2E0018B446 /* roadsappUITests.xctest */,
			);
			name = Products;
			sourceTree = "<group>";
		};
/* End PBXGroup section */

/* Begin PBXNativeTarget section */
		07DD92D42DE12F2B0018B446 /* roadsapp */ = {
			isa = PBXNativeTarget;
			buildConfigurationList = 07DD92F92DE12F2E0018B446 /* Build configuration list for PBXNativeTarget "roadsapp" */;
			buildPhases = (
				07DD92D12DE12F2B0018B446 /* Sources */,
				07DD92D22DE12F2B0018B446 /* Frameworks */,
				07DD92D32DE12F2B0018B446 /* Resources */,
			);
			buildRules = (
			);
			dependencies = (
			);
			fileSystemSynchronizedGroups = (
				07DD92D72DE12F2B0018B446 /* roadsapp */,
			);
			name = roadsapp;
			packageProductDependencies = (
				07DD93042DE12F8D0018B446 /* MapHero */,
			);
			productName = roadsapp;
			productReference = 07DD92D52DE12F2B0018B446 /* roadsapp.app */;
			productType = "com.apple.product-type.application";
		};
		07DD92E42DE12F2E0018B446 /* roadsappTests */ = {
			isa = PBXNativeTarget;
			buildConfigurationList = 07DD92FC2DE12F2E0018B446 /* Build configuration list for PBXNativeTarget "roadsappTests" */;
			buildPhases = (
				07DD92E12DE12F2E0018B446 /* Sources */,
				07DD92E22DE12F2E0018B446 /* Frameworks */,
				07DD92E32DE12F2E0018B446 /* Resources */,
			);
			buildRules = (
			);
			dependencies = (
				07DD92E72DE12F2E0018B446 /* PBXTargetDependency */,
			);
			fileSystemSynchronizedGroups = (
				07DD92E82DE12F2E0018B446 /* roadsappTests */,
			);
			name = roadsappTests;
			packageProductDependencies = (
				07C2A7FD2DE210EF00B4CE23 /* MapHero */,
			);
			productName = roadsappTests;
			productReference = 07DD92E52DE12F2E0018B446 /* roadsappTests.xctest */;
			productType = "com.apple.product-type.bundle.unit-test";
		};
		07DD92EE2DE12F2E0018B446 /* roadsappUITests */ = {
			isa = PBXNativeTarget;
			buildConfigurationList = 07DD92FF2DE12F2E0018B446 /* Build configuration list for PBXNativeTarget "roadsappUITests" */;
			buildPhases = (
				07DD92EB2DE12F2E0018B446 /* Sources */,
				07DD92EC2DE12F2E0018B446 /* Frameworks */,
				07DD92ED2DE12F2E0018B446 /* Resources */,
			);
			buildRules = (
			);
			dependencies = (
				07DD92F12DE12F2E0018B446 /* PBXTargetDependency */,
			);
			fileSystemSynchronizedGroups = (
				07DD92F22DE12F2E0018B446 /* roadsappUITests */,
			);
			name = roadsappUITests;
			packageProductDependencies = (
			);
			productName = roadsappUITests;
			productReference = 07DD92EF2DE12F2E0018B446 /* roadsappUITests.xctest */;
			productType = "com.apple.product-type.bundle.ui-testing";
		};
/* End PBXNativeTarget section */

/* Begin PBXProject section */
		07DD92CD2DE12F2B0018B446 /* Project object */ = {
			isa = PBXProject;
			attributes = {
				BuildIndependentTargetsInParallel = 1;
				LastSwiftUpdateCheck = 1620;
				LastUpgradeCheck = 1620;
				TargetAttributes = {
					07DD92D42DE12F2B0018B446 = {
						CreatedOnToolsVersion = 16.2;
					};
					07DD92E42DE12F2E0018B446 = {
						CreatedOnToolsVersion = 16.2;
						TestTargetID = 07DD92D42DE12F2B0018B446;
					};
					07DD92EE2DE12F2E0018B446 = {
						CreatedOnToolsVersion = 16.2;
						TestTargetID = 07DD92D42DE12F2B0018B446;
					};
				};
			};
			buildConfigurationList = 07DD92D02DE12F2B0018B446 /* Build configuration list for PBXProject "roadsapp" */;
			developmentRegion = en;
			hasScannedForEncodings = 0;
			knownRegions = (
				en,
				Base,
			);
			mainGroup = 07DD92CC2DE12F2B0018B446;
			minimizedProjectReferenceProxies = 1;
			packageReferences = (
				07DD93032DE12F8D0018B446 /* XCRemoteSwiftPackageReference "maphero-ios" */,
			);
			preferredProjectObjectVersion = 77;
			productRefGroup = 07DD92D62DE12F2B0018B446 /* Products */;
			projectDirPath = "";
			projectRoot = "";
			targets = (
				07DD92D42DE12F2B0018B446 /* roadsapp */,
				07DD92E42DE12F2E0018B446 /* roadsappTests */,
				07DD92EE2DE12F2E0018B446 /* roadsappUITests */,
			);
		};
/* End PBXProject section */

/* Begin PBXResourcesBuildPhase section */
		07DD92D32DE12F2B0018B446 /* Resources */ = {
			isa = PBXResourcesBuildPhase;
			buildActionMask = 2147483647;
			files = (
			);
			runOnlyForDeploymentPostprocessing = 0;
		};
		07DD92E32DE12F2E0018B446 /* Resources */ = {
			isa = PBXResourcesBuildPhase;
			buildActionMask = 2147483647;
			files = (
			);
			runOnlyForDeploymentPostprocessing = 0;
		};
		07DD92ED2DE12F2E0018B446 /* Resources */ = {
			isa = PBXResourcesBuildPhase;
			buildActionMask = 2147483647;
			files = (
			);
			runOnlyForDeploymentPostprocessing = 0;
		};
/* End PBXResourcesBuildPhase section */

/* Begin PBXSourcesBuildPhase section */
		07DD92D12DE12F2B0018B446 /* Sources */ = {
			isa = PBXSourcesBuildPhase;
			buildActionMask = 2147483647;
			files = (
			);
			runOnlyForDeploymentPostprocessing = 0;
		};
		07DD92E12DE12F2E0018B446 /* Sources */ = {
			isa = PBXSourcesBuildPhase;
			buildActionMask = 2147483647;
			files = (
			);
			runOnlyForDeploymentPostprocessing = 0;
		};
		07DD92EB2DE12F2E0018B446 /* Sources */ = {
			isa = PBXSourcesBuildPhase;
			buildActionMask = 2147483647;
			files = (
			);
			runOnlyForDeploymentPostprocessing = 0;
		};
/* End PBXSourcesBuildPhase section */

/* Begin PBXTargetDependency section */
		07DD92E72DE12F2E0018B446 /* PBXTargetDependency */ = {
			isa = PBXTargetDependency;
			target = 07DD92D42DE12F2B0018B446 /* roadsapp */;
			targetProxy = 07DD92E62DE12F2E0018B446 /* PBXContainerItemProxy */;
		};
		07DD92F12DE12F2E0018B446 /* PBXTargetDependency */ = {
			isa = PBXTargetDependency;
			target = 07DD92D42DE12F2B0018B446 /* roadsapp */;
			targetProxy = 07DD92F02DE12F2E0018B446 /* PBXContainerItemProxy */;
		};
/* End PBXTargetDependency section */

/* Begin XCBuildConfiguration section */
		07DD92F72DE12F2E0018B446 /* Debug */ = {
			isa = XCBuildConfiguration;
			buildSettings = {
				ALWAYS_SEARCH_USER_PATHS = NO;
				ASSETCATALOG_COMPILER_GENERATE_SWIFT_ASSET_SYMBOL_EXTENSIONS = YES;
				CLANG_ANALYZER_NONNULL = YES;
				CLANG_ANALYZER_NUMBER_OBJECT_CONVERSION = YES_AGGRESSIVE;
				CLANG_CXX_LANGUAGE_STANDARD = "gnu++20";
				CLANG_ENABLE_MODULES = YES;
				CLANG_ENABLE_OBJC_ARC = YES;
				CLANG_ENABLE_OBJC_WEAK = YES;
				CLANG_WARN_BLOCK_CAPTURE_AUTORELEASING = YES;
				CLANG_WARN_BOOL_CONVERSION = YES;
				CLANG_WARN_COMMA = YES;
				CLANG_WARN_CONSTANT_CONVERSION = YES;
				CLANG_WARN_DEPRECATED_OBJC_IMPLEMENTATIONS = YES;
				CLANG_WARN_DIRECT_OBJC_ISA_USAGE = YES_ERROR;
				CLANG_WARN_DOCUMENTATION_COMMENTS = YES;
				CLANG_WARN_EMPTY_BODY = YES;
				CLANG_WARN_ENUM_CONVERSION = YES;
				CLANG_WARN_INFINITE_RECURSION = YES;
				CLANG_WARN_INT_CONVERSION = YES;
				CLANG_WARN_NON_LITERAL_NULL_CONVERSION = YES;
				CLANG_WARN_OBJC_IMPLICIT_RETAIN_SELF = YES;
				CLANG_WARN_OBJC_LITERAL_CONVERSION = YES;
				CLANG_WARN_OBJC_ROOT_CLASS = YES_ERROR;
				CLANG_WARN_QUOTED_INCLUDE_IN_FRAMEWORK_HEADER = YES;
				CLANG_WARN_RANGE_LOOP_ANALYSIS = YES;
				CLANG_WARN_STRICT_PROTOTYPES = YES;
				CLANG_WARN_SUSPICIOUS_MOVE = YES;
				CLANG_WARN_UNGUARDED_AVAILABILITY = YES_AGGRESSIVE;
				CLANG_WARN_UNREACHABLE_CODE = YES;
				CLANG_WARN__DUPLICATE_METHOD_MATCH = YES;
				COPY_PHASE_STRIP = NO;
				DEBUG_INFORMATION_FORMAT = dwarf;
				ENABLE_STRICT_OBJC_MSGSEND = YES;
				ENABLE_TESTABILITY = YES;
				ENABLE_USER_SCRIPT_SANDBOXING = YES;
				GCC_C_LANGUAGE_STANDARD = gnu17;
				GCC_DYNAMIC_NO_PIC = NO;
				GCC_NO_COMMON_BLOCKS = YES;
				GCC_OPTIMIZATION_LEVEL = 0;
				GCC_PREPROCESSOR_DEFINITIONS = (
					"DEBUG=1",
					"$(inherited)",
				);
				GCC_WARN_64_TO_32_BIT_CONVERSION = YES;
				GCC_WARN_ABOUT_RETURN_TYPE = YES_ERROR;
				GCC_WARN_UNDECLARED_SELECTOR = YES;
				GCC_WARN_UNINITIALIZED_AUTOS = YES_AGGRESSIVE;
				GCC_WARN_UNUSED_FUNCTION = YES;
				GCC_WARN_UNUSED_VARIABLE = YES;
				GENERATE_INFOPLIST_FILE = YES;
				INFOPLIST_FILE = "";
				IPHONEOS_DEPLOYMENT_TARGET = 18.2;
				LOCALIZATION_PREFERS_STRING_CATALOGS = YES;
				MTL_ENABLE_DEBUG_INFO = INCLUDE_SOURCE;
				MTL_FAST_MATH = YES;
				ONLY_ACTIVE_ARCH = YES;
				SDKROOT = iphoneos;
				SWIFT_ACTIVE_COMPILATION_CONDITIONS = "DEBUG $(inherited)";
				SWIFT_OPTIMIZATION_LEVEL = "-Onone";
			};
			name = Debug;
		};
		07DD92F82DE12F2E0018B446 /* Release */ = {
			isa = XCBuildConfiguration;
			buildSettings = {
				ALWAYS_SEARCH_USER_PATHS = NO;
				ASSETCATALOG_COMPILER_GENERATE_SWIFT_ASSET_SYMBOL_EXTENSIONS = YES;
				CLANG_ANALYZER_NONNULL = YES;
				CLANG_ANALYZER_NUMBER_OBJECT_CONVERSION = YES_AGGRESSIVE;
				CLANG_CXX_LANGUAGE_STANDARD = "gnu++20";
				CLANG_ENABLE_MODULES = YES;
				CLANG_ENABLE_OBJC_ARC = YES;
				CLANG_ENABLE_OBJC_WEAK = YES;
				CLANG_WARN_BLOCK_CAPTURE_AUTORELEASING = YES;
				CLANG_WARN_BOOL_CONVERSION = YES;
				CLANG_WARN_COMMA = YES;
				CLANG_WARN_CONSTANT_CONVERSION = YES;
				CLANG_WARN_DEPRECATED_OBJC_IMPLEMENTATIONS = YES;
				CLANG_WARN_DIRECT_OBJC_ISA_USAGE = YES_ERROR;
				CLANG_WARN_DOCUMENTATION_COMMENTS = YES;
				CLANG_WARN_EMPTY_BODY = YES;
				CLANG_WARN_ENUM_CONVERSION = YES;
				CLANG_WARN_INFINITE_RECURSION = YES;
				CLANG_WARN_INT_CONVERSION = YES;
				CLANG_WARN_NON_LITERAL_NULL_CONVERSION = YES;
				CLANG_WARN_OBJC_IMPLICIT_RETAIN_SELF = YES;
				CLANG_WARN_OBJC_LITERAL_CONVERSION = YES;
				CLANG_WARN_OBJC_ROOT_CLASS = YES_ERROR;
				CLANG_WARN_QUOTED_INCLUDE_IN_FRAMEWORK_HEADER = YES;
				CLANG_WARN_RANGE_LOOP_ANALYSIS = YES;
				CLANG_WARN_STRICT_PROTOTYPES = YES;
				CLANG_WARN_SUSPICIOUS_MOVE = YES;
				CLANG_WARN_UNGUARDED_AVAILABILITY = YES_AGGRESSIVE;
				CLANG_WARN_UNREACHABLE_CODE = YES;
				CLANG_WARN__DUPLICATE_METHOD_MATCH = YES;
				COPY_PHASE_STRIP = NO;
				DEBUG_INFORMATION_FORMAT = "dwarf-with-dsym";
				ENABLE_NS_ASSERTIONS = NO;
				ENABLE_STRICT_OBJC_MSGSEND = YES;
				ENABLE_USER_SCRIPT_SANDBOXING = YES;
				GCC_C_LANGUAGE_STANDARD = gnu17;
				GCC_NO_COMMON_BLOCKS = YES;
				GCC_WARN_64_TO_32_BIT_CONVERSION = YES;
				GCC_WARN_ABOUT_RETURN_TYPE = YES_ERROR;
				GCC_WARN_UNDECLARED_SELECTOR = YES;
				GCC_WARN_UNINITIALIZED_AUTOS = YES_AGGRESSIVE;
				GCC_WARN_UNUSED_FUNCTION = YES;
				GCC_WARN_UNUSED_VARIABLE = YES;
				GENERATE_INFOPLIST_FILE = YES;
				INFOPLIST_FILE = "";
				IPHONEOS_DEPLOYMENT_TARGET = 18.2;
				LOCALIZATION_PREFERS_STRING_CATALOGS = YES;
				MTL_ENABLE_DEBUG_INFO = NO;
				MTL_FAST_MATH = YES;
				SDKROOT = iphoneos;
				SWIFT_COMPILATION_MODE = wholemodule;
				VALIDATE_PRODUCT = YES;
			};
			name = Release;
		};
		07DD92FA2DE12F2E0018B446 /* Debug */ = {
			isa = XCBuildConfiguration;
			buildSettings = {
				ASSETCATALOG_COMPILER_APPICON_NAME = AppIcon;
				ASSETCATALOG_COMPILER_GLOBAL_ACCENT_COLOR_NAME = AccentColor;
				CODE_SIGN_STYLE = Automatic;
				CURRENT_PROJECT_VERSION = 1;
				DEVELOPMENT_ASSET_PATHS = "\"roadsapp/Preview Content\"";
				DEVELOPMENT_TEAM = 52SSYKYA7J;
				ENABLE_PREVIEWS = YES;
				GENERATE_INFOPLIST_FILE = YES;
				INFOPLIST_FILE = roadsapp/Info.plist;
				INFOPLIST_KEY_CFBundleDisplayName = "";
				INFOPLIST_KEY_LSApplicationCategoryType = "";
				INFOPLIST_KEY_NSLocationAlwaysAndWhenInUseUsageDescription = "This app needs access to your location to show nearby places and calculate accurate distances.";
				INFOPLIST_KEY_NSLocationWhenInUseUsageDescription = "This app needs access to your location to show nearby places and calculate accurate distances.";
				INFOPLIST_KEY_UIApplicationSceneManifest_Generation = YES;
				INFOPLIST_KEY_UIApplicationSupportsIndirectInputEvents = YES;
				INFOPLIST_KEY_UILaunchScreen_Generation = YES;
				INFOPLIST_KEY_UISupportedInterfaceOrientations_iPad = "UIInterfaceOrientationPortrait UIInterfaceOrientationPortraitUpsideDown UIInterfaceOrientationLandscapeLeft UIInterfaceOrientationLandscapeRight";
				INFOPLIST_KEY_UISupportedInterfaceOrientations_iPhone = "UIInterfaceOrientationPortrait UIInterfaceOrientationLandscapeLeft UIInterfaceOrientationLandscapeRight";
				LD_RUNPATH_SEARCH_PATHS = (
					"$(inherited)",
					"@executable_path/Frameworks",
				);
				MARKETING_VERSION = 1.0;
				PRODUCT_BUNDLE_IDENTIFIER = omarserver.roadsapp;
				PRODUCT_NAME = "$(TARGET_NAME)";
				SWIFT_EMIT_LOC_STRINGS = YES;
				SWIFT_VERSION = 5.0;
				TARGETED_DEVICE_FAMILY = "1,2";
			};
			name = Debug;
		};
		07DD92FB2DE12F2E0018B446 /* Release */ = {
			isa = XCBuildConfiguration;
			buildSettings = {
				ASSETCATALOG_COMPILER_APPICON_NAME = AppIcon;
				ASSETCATALOG_COMPILER_GLOBAL_ACCENT_COLOR_NAME = AccentColor;
				CODE_SIGN_STYLE = Automatic;
				CURRENT_PROJECT_VERSION = 1;
				DEVELOPMENT_ASSET_PATHS = "\"roadsapp/Preview Content\"";
				DEVELOPMENT_TEAM = 52SSYKYA7J;
				ENABLE_PREVIEWS = YES;
				GENERATE_INFOPLIST_FILE = YES;
				INFOPLIST_FILE = roadsapp/Info.plist;
				INFOPLIST_KEY_CFBundleDisplayName = "";
				INFOPLIST_KEY_LSApplicationCategoryType = "";
				INFOPLIST_KEY_NSLocationAlwaysAndWhenInUseUsageDescription = "This app needs access to your location to show nearby places and calculate accurate distances.";
				INFOPLIST_KEY_NSLocationWhenInUseUsageDescription = "This app needs access to your location to show nearby places and calculate accurate distances.";
				INFOPLIST_KEY_UIApplicationSceneManifest_Generation = YES;
				INFOPLIST_KEY_UIApplicationSupportsIndirectInputEvents = YES;
				INFOPLIST_KEY_UILaunchScreen_Generation = YES;
				INFOPLIST_KEY_UISupportedInterfaceOrientations_iPad = "UIInterfaceOrientationPortrait UIInterfaceOrientationPortraitUpsideDown UIInterfaceOrientationLandscapeLeft UIInterfaceOrientationLandscapeRight";
				INFOPLIST_KEY_UISupportedInterfaceOrientations_iPhone = "UIInterfaceOrientationPortrait UIInterfaceOrientationLandscapeLeft UIInterfaceOrientationLandscapeRight";
				LD_RUNPATH_SEARCH_PATHS = (
					"$(inherited)",
					"@executable_path/Frameworks",
				);
				MARKETING_VERSION = 1.0;
				PRODUCT_BUNDLE_IDENTIFIER = omarserver.roadsapp;
				PRODUCT_NAME = "$(TARGET_NAME)";
				SWIFT_EMIT_LOC_STRINGS = YES;
				SWIFT_VERSION = 5.0;
				TARGETED_DEVICE_FAMILY = "1,2";
			};
			name = Release;
		};
		07DD92FD2DE12F2E0018B446 /* Debug */ = {
			isa = XCBuildConfiguration;
			buildSettings = {
				BUNDLE_LOADER = "$(TEST_HOST)";
				CODE_SIGN_STYLE = Automatic;
				CURRENT_PROJECT_VERSION = 1;
				DEVELOPMENT_TEAM = 52SSYKYA7J;
				GENERATE_INFOPLIST_FILE = YES;
				INFOPLIST_FILE = "";
				IPHONEOS_DEPLOYMENT_TARGET = 18.2;
				MARKETING_VERSION = 1.0;
				PRODUCT_BUNDLE_IDENTIFIER = omarserver.roadsappTests;
				PRODUCT_NAME = "$(TARGET_NAME)";
				SWIFT_EMIT_LOC_STRINGS = NO;
				SWIFT_VERSION = 5.0;
				TARGETED_DEVICE_FAMILY = "1,2";
				TEST_HOST = "$(BUILT_PRODUCTS_DIR)/roadsapp.app/$(BUNDLE_EXECUTABLE_FOLDER_PATH)/roadsapp";
			};
			name = Debug;
		};
		07DD92FE2DE12F2E0018B446 /* Release */ = {
			isa = XCBuildConfiguration;
			buildSettings = {
				BUNDLE_LOADER = "$(TEST_HOST)";
				CODE_SIGN_STYLE = Automatic;
				CURRENT_PROJECT_VERSION = 1;
				DEVELOPMENT_TEAM = 52SSYKYA7J;
				GENERATE_INFOPLIST_FILE = YES;
				INFOPLIST_FILE = "";
				IPHONEOS_DEPLOYMENT_TARGET = 18.2;
				MARKETING_VERSION = 1.0;
				PRODUCT_BUNDLE_IDENTIFIER = omarserver.roadsappTests;
				PRODUCT_NAME = "$(TARGET_NAME)";
				SWIFT_EMIT_LOC_STRINGS = NO;
				SWIFT_VERSION = 5.0;
				TARGETED_DEVICE_FAMILY = "1,2";
				TEST_HOST = "$(BUILT_PRODUCTS_DIR)/roadsapp.app/$(BUNDLE_EXECUTABLE_FOLDER_PATH)/roadsapp";
			};
			name = Release;
		};
		07DD93002DE12F2E0018B446 /* Debug */ = {
			isa = XCBuildConfiguration;
			buildSettings = {
				CODE_SIGN_STYLE = Automatic;
				CURRENT_PROJECT_VERSION = 1;
				DEVELOPMENT_TEAM = 52SSYKYA7J;
				GENERATE_INFOPLIST_FILE = YES;
				INFOPLIST_FILE = "";
				MARKETING_VERSION = 1.0;
				PRODUCT_BUNDLE_IDENTIFIER = omarserver.roadsappUITests;
				PRODUCT_NAME = "$(TARGET_NAME)";
				SWIFT_EMIT_LOC_STRINGS = NO;
				SWIFT_VERSION = 5.0;
				TARGETED_DEVICE_FAMILY = "1,2";
				TEST_TARGET_NAME = roadsapp;
			};
			name = Debug;
		};
		07DD93012DE12F2E0018B446 /* Release */ = {
			isa = XCBuildConfiguration;
			buildSettings = {
				CODE_SIGN_STYLE = Automatic;
				CURRENT_PROJECT_VERSION = 1;
				DEVELOPMENT_TEAM = 52SSYKYA7J;
				GENERATE_INFOPLIST_FILE = YES;
				INFOPLIST_FILE = "";
				MARKETING_VERSION = 1.0;
				PRODUCT_BUNDLE_IDENTIFIER = omarserver.roadsappUITests;
				PRODUCT_NAME = "$(TARGET_NAME)";
				SWIFT_EMIT_LOC_STRINGS = NO;
				SWIFT_VERSION = 5.0;
				TARGETED_DEVICE_FAMILY = "1,2";
				TEST_TARGET_NAME = roadsapp;
			};
			name = Release;
		};
/* End XCBuildConfiguration section */

/* Begin XCConfigurationList section */
		07DD92D02DE12F2B0018B446 /* Build configuration list for PBXProject "roadsapp" */ = {
			isa = XCConfigurationList;
			buildConfigurations = (
				07DD92F72DE12F2E0018B446 /* Debug */,
				07DD92F82DE12F2E0018B446 /* Release */,
			);
			defaultConfigurationIsVisible = 0;
			defaultConfigurationName = Release;
		};
		07DD92F92DE12F2E0018B446 /* Build configuration list for PBXNativeTarget "roadsapp" */ = {
			isa = XCConfigurationList;
			buildConfigurations = (
				07DD92FA2DE12F2E0018B446 /* Debug */,
				07DD92FB2DE12F2E0018B446 /* Release */,
			);
			defaultConfigurationIsVisible = 0;
			defaultConfigurationName = Release;
		};
		07DD92FC2DE12F2E0018B446 /* Build configuration list for PBXNativeTarget "roadsappTests" */ = {
			isa = XCConfigurationList;
			buildConfigurations = (
				07DD92FD2DE12F2E0018B446 /* Debug */,
				07DD92FE2DE12F2E0018B446 /* Release */,
			);
			defaultConfigurationIsVisible = 0;
			defaultConfigurationName = Release;
		};
		07DD92FF2DE12F2E0018B446 /* Build configuration list for PBXNativeTarget "roadsappUITests" */ = {
			isa = XCConfigurationList;
			buildConfigurations = (
				07DD93002DE12F2E0018B446 /* Debug */,
				07DD93012DE12F2E0018B446 /* Release */,
			);
			defaultConfigurationIsVisible = 0;
			defaultConfigurationName = Release;
		};
/* End XCConfigurationList section */

/* Begin XCRemoteSwiftPackageReference section */
		07DD93032DE12F8D0018B446 /* XCRemoteSwiftPackageReference "maphero-ios" */ = {
			isa = XCRemoteSwiftPackageReference;
			repositoryURL = "https://github.com/idealprojects/maphero-ios";
			requirement = {
				kind = upToNextMajorVersion;
				minimumVersion = 0.0.1;
			};
		};
/* End XCRemoteSwiftPackageReference section */

/* Begin XCSwiftPackageProductDependency section */
		07C2A7FD2DE210EF00B4CE23 /* MapHero */ = {
			isa = XCSwiftPackageProductDependency;
			package = 07DD93032DE12F8D0018B446 /* XCRemoteSwiftPackageReference "maphero-ios" */;
			productName = MapHero;
		};
		07DD93042DE12F8D0018B446 /* MapHero */ = {
			isa = XCSwiftPackageProductDependency;
			package = 07DD93032DE12F8D0018B446 /* XCRemoteSwiftPackageReference "maphero-ios" */;
			productName = MapHero;
		};
/* End XCSwiftPackageProductDependency section */
	};
	rootObject = 07DD92CD2DE12F2B0018B446 /* Project object */;
}
